PODS:
  - Nuke (5.1.1)
  - Realm (2.8.3):
    - Realm/Headers (= 2.8.3)
  - Realm/Headers (2.8.3)
  - RealmSwift (2.8.3):
    - Realm (= 2.8.3)

DEPENDENCIES:
  - Nuke (~> 5.1)
  - RealmSwift

SPEC CHECKSUMS:
  Nuke: 0a2ddb4bd13d75782964bf598a159ca2a836d826
  Realm: 3601ef091c8c499a31101d8563b991e75546cdce
  RealmSwift: 8183818515471b01a99abdd2970f8e4fd52b6f4a

PODFILE CHECKSUM: 48ddf66b0cf83516c1df644e9b2f5cec86066214

COCOAPODS: 1.2.1
